// !$*UTF8*$!
{
	archiveVersion = 1;
	classes = {
	};
	objectVersion = 46;
	objects = {

/* Begin PBXBuildFile section */
		8E426A5A19B63EA7005D77B5 /* Model.xcdatamodeld in Sources */ = {isa = PBXBuildFile; fileRef = 8E426A5819B63EA7005D77B5 /* Model.xcdatamodeld */; };
		8ECE2E0719B5F97700AD668E /* AppDelegate.swift in Sources */ = {isa = PBXBuildFile; fileRef = 8ECE2E0619B5F97700AD668E /* AppDelegate.swift */; };
		8ECE2E0919B5F97700AD668E /* ViewController.swift in Sources */ = {isa = PBXBuildFile; fileRef = 8ECE2E0819B5F97700AD668E /* ViewController.swift */; };
		8ECE2E0C19B5F97700AD668E /* Main.storyboard in Resources */ = {isa = PBXBuildFile; fileRef = 8ECE2E0A19B5F97700AD668E /* Main.storyboard */; };
		8ECE2E0E19B5F97700AD668E /* Images.xcassets in Resources */ = {isa = PBXBuildFile; fileRef = 8ECE2E0D19B5F97700AD668E /* Images.xcassets */; };
		8ECE2E1A19B5F97700AD668E /* Rails_AppTests.swift in Sources */ = {isa = PBXBuildFile; fileRef = 8ECE2E1919B5F97700AD668E /* Rails_AppTests.swift */; };
/* End PBXBuildFile section */

/* Begin PBXContainerItemProxy section */
		8ECE2E1419B5F97700AD668E /* PBXContainerItemProxy */ = {
			isa = PBXContainerItemProxy;
			containerPortal = 8ECE2DF919B5F97700AD668E /* Project object */;
			proxyType = 1;
			remoteGlobalIDString = 8ECE2E0019B5F97700AD668E;
			remoteInfo = "Rails App";
		};
/* End PBXContainerItemProxy section */

/* Begin PBXFileReference section */
		8E426A5919B63EA7005D77B5 /* Model.xcdatamodel */ = {isa = PBXFileReference; lastKnownFileType = wrapper.xcdatamodel; path = Model.xcdatamodel; sourceTree = "<group>"; };
		8ECE2E0119B5F97700AD668E /* Rails App.app */ = {isa = PBXFileReference; explicitFileType = wrapper.application; includeInIndex = 0; path = "Rails App.app"; sourceTree = BUILT_PRODUCTS_DIR; };
		8ECE2E0519B5F97700AD668E /* Info.plist */ = {isa = PBXFileReference; lastKnownFileType = text.plist.xml; path = Info.plist; sourceTree = "<group>"; };
		8ECE2E0619B5F97700AD668E /* AppDelegate.swift */ = {isa = PBXFileReference; lastKnownFileType = sourcecode.swift; path = AppDelegate.swift; sourceTree = "<group>"; };
		8ECE2E0819B5F97700AD668E /* ViewController.swift */ = {isa = PBXFileReference; lastKnownFileType = sourcecode.swift; path = ViewController.swift; sourceTree = "<group>"; };
		8ECE2E0B19B5F97700AD668E /* Base */ = {isa = PBXFileReference; lastKnownFileType = file.storyboard; name = Base; path = Base.lproj/Main.storyboard; sourceTree = "<group>"; };
		8ECE2E0D19B5F97700AD668E /* Images.xcassets */ = {isa = PBXFileReference; lastKnownFileType = folder.assetcatalog; path = Images.xcassets; sourceTree = "<group>"; };
		8ECE2E1319B5F97700AD668E /* Rails AppTests.xctest */ = {isa = PBXFileReference; explicitFileType = wrapper.cfbundle; includeInIndex = 0; path = "Rails AppTests.xctest"; sourceTree = BUILT_PRODUCTS_DIR; };
		8ECE2E1819B5F97700AD668E /* Info.plist */ = {isa = PBXFileReference; lastKnownFileType = text.plist.xml; path = Info.plist; sourceTree = "<group>"; };
		8ECE2E1919B5F97700AD668E /* Rails_AppTests.swift */ = {isa = PBXFileReference; lastKnownFileType = sourcecode.swift; path = Rails_AppTests.swift; sourceTree = "<group>"; };
/* End PBXFileReference section */

/* Begin PBXFrameworksBuildPhase section */
		8ECE2DFE19B5F97700AD668E /* Frameworks */ = {
			isa = PBXFrameworksBuildPhase;
			buildActionMask = 2147483647;
			files = (
			);
			runOnlyForDeploymentPostprocessing = 0;
		};
		8ECE2E1019B5F97700AD668E /* Frameworks */ = {
			isa = PBXFrameworksBuildPhase;
			buildActionMask = 2147483647;
			files = (
			);
			runOnlyForDeploymentPostprocessing = 0;
		};
/* End PBXFrameworksBuildPhase section */

/* Begin PBXGroup section */
		8ECE2DF819B5F97700AD668E = {
			isa = PBXGroup;
			children = (
				8ECE2E0319B5F97700AD668E /* Rails App */,
				8ECE2E1619B5F97700AD668E /* Rails AppTests */,
				8ECE2E0219B5F97700AD668E /* Products */,
			);
			sourceTree = "<group>";
		};
		8ECE2E0219B5F97700AD668E /* Products */ = {
			isa = PBXGroup;
			children = (
				8ECE2E0119B5F97700AD668E /* Rails App.app */,
				8ECE2E1319B5F97700AD668E /* Rails AppTests.xctest */,
			);
			name = Products;
			sourceTree = "<group>";
		};
		8ECE2E0319B5F97700AD668E /* Rails App */ = {
			isa = PBXGroup;
			children = (
				8ECE2E0619B5F97700AD668E /* AppDelegate.swift */,
				8ECE2E0819B5F97700AD668E /* ViewController.swift */,
				8ECE2E0A19B5F97700AD668E /* Main.storyboard */,
				8E426A5819B63EA7005D77B5 /* Model.xcdatamodeld */,
				8ECE2E0D19B5F97700AD668E /* Images.xcassets */,
				8ECE2E0419B5F97700AD668E /* Supporting Files */,
			);
			path = "Rails App";
			sourceTree = "<group>";
		};
		8ECE2E0419B5F97700AD668E /* Supporting Files */ = {
			isa = PBXGroup;
			children = (
				8ECE2E0519B5F97700AD668E /* Info.plist */,
			);
			name = "Supporting Files";
			sourceTree = "<group>";
		};
		8ECE2E1619B5F97700AD668E /* Rails AppTests */ = {
			isa = PBXGroup;
			children = (
				8ECE2E1919B5F97700AD668E /* Rails_AppTests.swift */,
				8ECE2E1719B5F97700AD668E /* Supporting Files */,
			);
			path = "Rails AppTests";
			sourceTree = "<group>";
		};
		8ECE2E1719B5F97700AD668E /* Supporting Files */ = {
			isa = PBXGroup;
			children = (
				8ECE2E1819B5F97700AD668E /* Info.plist */,
			);
			name = "Supporting Files";
			sourceTree = "<group>";
		};
/* End PBXGroup section */

/* Begin PBXNativeTarget section */
		8ECE2E0019B5F97700AD668E /* Rails App */ = {
			isa = PBXNativeTarget;
			buildConfigurationList = 8ECE2E1D19B5F97700AD668E /* Build configuration list for PBXNativeTarget "Rails App" */;
			buildPhases = (
				8ECE2DFD19B5F97700AD668E /* Sources */,
				8ECE2DFE19B5F97700AD668E /* Frameworks */,
				8ECE2DFF19B5F97700AD668E /* Resources */,
			);
			buildRules = (
			);
			dependencies = (
			);
			name = "Rails App";
			productName = "Rails App";
			productReference = 8ECE2E0119B5F97700AD668E /* Rails App.app */;
			productType = "com.apple.product-type.application";
		};
		8ECE2E1219B5F97700AD668E /* Rails AppTests */ = {
			isa = PBXNativeTarget;
			buildConfigurationList = 8ECE2E2019B5F97700AD668E /* Build configuration list for PBXNativeTarget "Rails AppTests" */;
			buildPhases = (
				8ECE2E0F19B5F97700AD668E /* Sources */,
				8ECE2E1019B5F97700AD668E /* Frameworks */,
				8ECE2E1119B5F97700AD668E /* Resources */,
			);
			buildRules = (
			);
			dependencies = (
				8ECE2E1519B5F97700AD668E /* PBXTargetDependency */,
			);
			name = "Rails AppTests";
			productName = "Rails AppTests";
			productReference = 8ECE2E1319B5F97700AD668E /* Rails AppTests.xctest */;
			productType = "com.apple.product-type.bundle.unit-test";
		};
/* End PBXNativeTarget section */

/* Begin PBXProject section */
		8ECE2DF919B5F97700AD668E /* Project object */ = {
			isa = PBXProject;
			attributes = {
				LastUpgradeCheck = 0600;
				ORGANIZATIONNAME = "Arthur Boia";
				TargetAttributes = {
					8ECE2E0019B5F97700AD668E = {
						CreatedOnToolsVersion = 6.0;
					};
					8ECE2E1219B5F97700AD668E = {
						CreatedOnToolsVersion = 6.0;
						TestTargetID = 8ECE2E0019B5F97700AD668E;
					};
				};
			};
			buildConfigurationList = 8ECE2DFC19B5F97700AD668E /* Build configuration list for PBXProject "Rails App" */;
			compatibilityVersion = "Xcode 3.2";
			developmentRegion = English;
			hasScannedForEncodings = 0;
			knownRegions = (
				en,
				Base,
			);
			mainGroup = 8ECE2DF819B5F97700AD668E;
			productRefGroup = 8ECE2E0219B5F97700AD668E /* Products */;
			projectDirPath = "";
			projectRoot = "";
			targets = (
				8ECE2E0019B5F97700AD668E /* Rails App */,
				8ECE2E1219B5F97700AD668E /* Rails AppTests */,
			);
		};
/* End PBXProject section */

/* Begin PBXResourcesBuildPhase section */
		8ECE2DFF19B5F97700AD668E /* Resources */ = {
			isa = PBXResourcesBuildPhase;
			buildActionMask = 2147483647;
			files = (
				8ECE2E0C19B5F97700AD668E /* Main.storyboard in Resources */,
				8ECE2E0E19B5F97700AD668E /* Images.xcassets in Resources */,
			);
			runOnlyForDeploymentPostprocessing = 0;
		};
		8ECE2E1119B5F97700AD668E /* Resources */ = {
			isa = PBXResourcesBuildPhase;
			buildActionMask = 2147483647;
			files = (
			);
			runOnlyForDeploymentPostprocessing = 0;
		};
/* End PBXResourcesBuildPhase section */

/* Begin PBXSourcesBuildPhase section */
		8ECE2DFD19B5F97700AD668E /* Sources */ = {
			isa = PBXSourcesBuildPhase;
			buildActionMask = 2147483647;
			files = (
				8ECE2E0919B5F97700AD668E /* ViewController.swift in Sources */,
				8ECE2E0719B5F97700AD668E /* AppDelegate.swift in Sources */,
				8E426A5A19B63EA7005D77B5 /* Model.xcdatamodeld in Sources */,
			);
			runOnlyForDeploymentPostprocessing = 0;
		};
		8ECE2E0F19B5F97700AD668E /* Sources */ = {
			isa = PBXSourcesBuildPhase;
			buildActionMask = 2147483647;
			files = (
				8ECE2E1A19B5F97700AD668E /* Rails_AppTests.swift in Sources */,
			);
			runOnlyForDeploymentPostprocessing = 0;
		};
/* End PBXSourcesBuildPhase section */

/* Begin PBXTargetDependency section */
		8ECE2E1519B5F97700AD668E /* PBXTargetDependency */ = {
			isa = PBXTargetDependency;
			target = 8ECE2E0019B5F97700AD668E /* Rails App */;
			targetProxy = 8ECE2E1419B5F97700AD668E /* PBXContainerItemProxy */;
		};
/* End PBXTargetDependency section */

/* Begin PBXVariantGroup section */
		8ECE2E0A19B5F97700AD668E /* Main.storyboard */ = {
			isa = PBXVariantGroup;
			children = (
				8ECE2E0B19B5F97700AD668E /* Base */,
			);
			name = Main.storyboard;
			sourceTree = "<group>";
		};
/* End PBXVariantGroup section */

/* Begin XCBuildConfiguration section */
		8ECE2E1B19B5F97700AD668E /* Debug */ = {
			isa = XCBuildConfiguration;
			buildSettings = {
				ALWAYS_SEARCH_USER_PATHS = NO;
				CLANG_CXX_LANGUAGE_STANDARD = "gnu++0x";
				CLANG_CXX_LIBRARY = "libc++";
				CLANG_ENABLE_MODULES = YES;
				CLANG_ENABLE_OBJC_ARC = YES;
				CLANG_WARN_BOOL_CONVERSION = YES;
				CLANG_WARN_CONSTANT_CONVERSION = YES;
				CLANG_WARN_DIRECT_OBJC_ISA_USAGE = YES_ERROR;
				CLANG_WARN_EMPTY_BODY = YES;
				CLANG_WARN_ENUM_CONVERSION = YES;
				CLANG_WARN_INT_CONVERSION = YES;
				CLANG_WARN_OBJC_ROOT_CLASS = YES_ERROR;
				CLANG_WARN_UNREACHABLE_CODE = YES;
				CLANG_WARN__DUPLICATE_METHOD_MATCH = YES;
				"CODE_SIGN_IDENTITY[sdk=iphoneos*]" = "iPhone Developer";
				COPY_PHASE_STRIP = NO;
				ENABLE_STRICT_OBJC_MSGSEND = YES;
				GCC_C_LANGUAGE_STANDARD = gnu99;
				GCC_DYNAMIC_NO_PIC = NO;
				GCC_OPTIMIZATION_LEVEL = 0;
				GCC_PREPROCESSOR_DEFINITIONS = (
					"DEBUG=1",
					"$(inherited)",
				);
				GCC_SYMBOLS_PRIVATE_EXTERN = NO;
				GCC_WARN_64_TO_32_BIT_CONVERSION = YES;
				GCC_WARN_ABOUT_RETURN_TYPE = YES_ERROR;
				GCC_WARN_UNDECLARED_SELECTOR = YES;
				GCC_WARN_UNINITIALIZED_AUTOS = YES_AGGRESSIVE;
				GCC_WARN_UNUSED_FUNCTION = YES;
				GCC_WARN_UNUSED_VARIABLE = YES;
				IPHONEOS_DEPLOYMENT_TARGET = 8.0;
				MTL_ENABLE_DEBUG_INFO = YES;
				ONLY_ACTIVE_ARCH = YES;
				SDKROOT = iphoneos;
				SWIFT_OPTIMIZATION_LEVEL = "-Onone";
			};
			name = Debug;
		};
		8ECE2E1C19B5F97700AD668E /* Release */ = {
			isa = XCBuildConfiguration;
			buildSettings = {
				ALWAYS_SEARCH_USER_PATHS = NO;
				CLANG_CXX_LANGUAGE_STANDARD = "gnu++0x";
				CLANG_CXX_LIBRARY = "libc++";
				CLANG_ENABLE_MODULES = YES;
				CLANG_ENABLE_OBJC_ARC = YES;
				CLANG_WARN_BOOL_CONVERSION = YES;
				CLANG_WARN_CONSTANT_CONVERSION = YES;
				CLANG_WARN_DIRECT_OBJC_ISA_USAGE = YES_ERROR;
				CLANG_WARN_EMPTY_BODY = YES;
				CLANG_WARN_ENUM_CONVERSION = YES;
				CLANG_WARN_INT_CONVERSION = YES;
				CLANG_WARN_OBJC_ROOT_CLASS = YES_ERROR;
				CLANG_WARN_UNREACHABLE_CODE = YES;
				CLANG_WARN__DUPLICATE_METHOD_MATCH = YES;
				"CODE_SIGN_IDENTITY[sdk=iphoneos*]" = "iPhone Developer";
				COPY_PHASE_STRIP = YES;
				ENABLE_NS_ASSERTIONS = NO;
				ENABLE_STRICT_OBJC_MSGSEND = YES;
				GCC_C_LANGUAGE_STANDARD = gnu99;
				GCC_WARN_64_TO_32_BIT_CONVERSION = YES;
				GCC_WARN_ABOUT_RETURN_TYPE = YES_ERROR;
				GCC_WARN_UNDECLARED_SELECTOR = YES;
				GCC_WARN_UNINITIALIZED_AUTOS = YES_AGGRESSIVE;
				GCC_WARN_UNUSED_FUNCTION = YES;
				GCC_WARN_UNUSED_VARIABLE = YES;
				IPHONEOS_DEPLOYMENT_TARGET = 8.0;
				MTL_ENABLE_DEBUG_INFO = NO;
				SDKROOT = iphoneos;
				VALIDATE_PRODUCT = YES;
			};
			name = Release;
		};
		8ECE2E1E19B5F97700AD668E /* Debug */ = {
			isa = XCBuildConfiguration;
			buildSettings = {
				ASSETCATALOG_COMPILER_APPICON_NAME = AppIcon;
				ASSETCATALOG_COMPILER_LAUNCHIMAGE_NAME = LaunchImage;
				INFOPLIST_FILE = "Rails App/Info.plist";
				LD_RUNPATH_SEARCH_PATHS = "$(inherited) @executable_path/Frameworks";
				PRODUCT_NAME = "$(TARGET_NAME)";
			};
			name = Debug;
		};
		8ECE2E1F19B5F97700AD668E /* Release */ = {
			isa = XCBuildConfiguration;
			buildSettings = {
				ASSETCATALOG_COMPILER_APPICON_NAME = AppIcon;
				ASSETCATALOG_COMPILER_LAUNCHIMAGE_NAME = LaunchImage;
				INFOPLIST_FILE = "Rails App/Info.plist";
				LD_RUNPATH_SEARCH_PATHS = "$(inherited) @executable_path/Frameworks";
				PRODUCT_NAME = "$(TARGET_NAME)";
			};
			name = Release;
		};
		8ECE2E2119B5F97700AD668E /* Debug */ = {
			isa = XCBuildConfiguration;
			buildSettings = {
				BUNDLE_LOADER = "$(TEST_HOST)";
				FRAMEWORK_SEARCH_PATHS = (
					"$(SDKROOT)/Developer/Library/Frameworks",
					"$(inherited)",
				);
				GCC_PREPROCESSOR_DEFINITIONS = (
					"DEBUG=1",
					"$(inherited)",
				);
				INFOPLIST_FILE = "Rails AppTests/Info.plist";
				LD_RUNPATH_SEARCH_PATHS = "$(inherited) @executable_path/Frameworks @loader_path/Frameworks";
				PRODUCT_NAME = "$(TARGET_NAME)";
				TEST_HOST = "$(BUILT_PRODUCTS_DIR)/Rails App.app/Rails App";
			};
			name = Debug;
		};
		8ECE2E2219B5F97700AD668E /* Release */ = {
			isa = XCBuildConfiguration;
			buildSettings = {
				BUNDLE_LOADER = "$(TEST_HOST)";
				FRAMEWORK_SEARCH_PATHS = (
					"$(SDKROOT)/Developer/Library/Frameworks",
					"$(inherited)",
				);
				INFOPLIST_FILE = "Rails AppTests/Info.plist";
				LD_RUNPATH_SEARCH_PATHS = "$(inherited) @executable_path/Frameworks @loader_path/Frameworks";
				PRODUCT_NAME = "$(TARGET_NAME)";
				TEST_HOST = "$(BUILT_PRODUCTS_DIR)/Rails App.app/Rails App";
			};
			name = Release;
		};
/* End XCBuildConfiguration section */

/* Begin XCConfigurationList section */
		8ECE2DFC19B5F97700AD668E /* Build configuration list for PBXProject "Rails App" */ = {
			isa = XCConfigurationList;
			buildConfigurations = (
				8ECE2E1B19B5F97700AD668E /* Debug */,
				8ECE2E1C19B5F97700AD668E /* Release */,
			);
			defaultConfigurationIsVisible = 0;
			defaultConfigurationName = Release;
		};
		8ECE2E1D19B5F97700AD668E /* Build configuration list for PBXNativeTarget "Rails App" */ = {
			isa = XCConfigurationList;
			buildConfigurations = (
				8ECE2E1E19B5F97700AD668E /* Debug */,
				8ECE2E1F19B5F97700AD668E /* Release */,
			);
			defaultConfigurationIsVisible = 0;
			defaultConfigurationName = Release;
		};
		8ECE2E2019B5F97700AD668E /* Build configuration list for PBXNativeTarget "Rails AppTests" */ = {
			isa = XCConfigurationList;
			buildConfigurations = (
				8ECE2E2119B5F97700AD668E /* Debug */,
				8ECE2E2219B5F97700AD668E /* Release */,
			);
			defaultConfigurationIsVisible = 0;
			defaultConfigurationName = Release;
		};
/* End XCConfigurationList section */

/* Begin XCVersionGroup section */
		8E426A5819B63EA7005D77B5 /* Model.xcdatamodeld */ = {
			isa = XCVersionGroup;
			children = (
				8E426A5919B63EA7005D77B5 /* Model.xcdatamodel */,
			);
			currentVersion = 8E426A5919B63EA7005D77B5 /* Model.xcdatamodel */;
			path = Model.xcdatamodeld;
			sourceTree = "<group>";
			versionGroupType = wrapper.xcdatamodel;
		};
/* End XCVersionGroup section */
	};
	rootObject = 8ECE2DF919B5F97700AD668E /* Project object */;
}
